
<<<<<<< HEAD
Microsoft Visual Studio Solution File, Format Version 12.00
# Visual Studio for Mac
Project("{FAE04EC0-301F-11D3-BF4B-00C04F79EFBC}") = "Demo1", "Demo1.csproj", "{BCF7A742-FAEE-4CB9-B7DC-4198D49F44C9}"
=======
Microsoft Visual Studio Solution File, Format Version 11.00
# Visual Studio 2010
Project("{FAE04EC0-301F-11D3-BF4B-00C04F79EFBC}") = "Demo1", "Assembly-CSharp.csproj", "{D06C7B4F-956E-6602-A577-DEFB59D040C2}"
>>>>>>> master
EndProject
Global
	GlobalSection(SolutionConfigurationPlatforms) = preSolution
		Debug|Any CPU = Debug|Any CPU
		Release|Any CPU = Release|Any CPU
	EndGlobalSection
	GlobalSection(ProjectConfigurationPlatforms) = postSolution
<<<<<<< HEAD
		{BCF7A742-FAEE-4CB9-B7DC-4198D49F44C9}.Debug|Any CPU.ActiveCfg = Debug|Any CPU
		{BCF7A742-FAEE-4CB9-B7DC-4198D49F44C9}.Debug|Any CPU.Build.0 = Debug|Any CPU
		{BCF7A742-FAEE-4CB9-B7DC-4198D49F44C9}.Release|Any CPU.ActiveCfg = Release|Any CPU
		{BCF7A742-FAEE-4CB9-B7DC-4198D49F44C9}.Release|Any CPU.Build.0 = Release|Any CPU
=======
		{D06C7B4F-956E-6602-A577-DEFB59D040C2}.Debug|Any CPU.ActiveCfg = Debug|Any CPU
		{D06C7B4F-956E-6602-A577-DEFB59D040C2}.Debug|Any CPU.Build.0 = Debug|Any CPU
		{D06C7B4F-956E-6602-A577-DEFB59D040C2}.Release|Any CPU.ActiveCfg = Release|Any CPU
		{D06C7B4F-956E-6602-A577-DEFB59D040C2}.Release|Any CPU.Build.0 = Release|Any CPU
>>>>>>> master
	EndGlobalSection
	GlobalSection(SolutionProperties) = preSolution
		HideSolutionNode = FALSE
	EndGlobalSection
<<<<<<< HEAD
=======
	GlobalSection(MonoDevelopProperties) = preSolution
		StartupItem = Assembly-CSharp.csproj
	EndGlobalSection
>>>>>>> master
EndGlobal
